
Microsoft Visual Studio Solution File, Format Version 12.00
# Visual Studio 2015
Project("{FAE04EC0-301F-11D3-BF4B-00C04F79EFBC}") = "Gentle Tank", "Gentle Tank.csproj", "{814BDA57-71F3-416F-639E-596CCB0513BB}"
EndProject
Project("{FAE04EC0-301F-11D3-BF4B-00C04F79EFBC}") = "Gentle Tank.Editor", "Gentle Tank.Editor.csproj", "{99824F97-3AA0-EA77-CCFF-D94645564302}"
EndProject
Global
	GlobalSection(SolutionConfigurationPlatforms) = preSolution
		Debug|Any CPU = Debug|Any CPU
		Release|Any CPU = Release|Any CPU
	EndGlobalSection
	GlobalSection(ProjectConfigurationPlatforms) = postSolution
		{814BDA57-71F3-416F-639E-596CCB0513BB}.Debug|Any CPU.ActiveCfg = Debug|Any CPU
		{814BDA57-71F3-416F-639E-596CCB0513BB}.Debug|Any CPU.Build.0 = Debug|Any CPU
		{814BDA57-71F3-416F-639E-596CCB0513BB}.Release|Any CPU.ActiveCfg = Release|Any CPU
		{814BDA57-71F3-416F-639E-596CCB0513BB}.Release|Any CPU.Build.0 = Release|Any CPU
		{99824F97-3AA0-EA77-CCFF-D94645564302}.Debug|Any CPU.ActiveCfg = Debug|Any CPU
		{99824F97-3AA0-EA77-CCFF-D94645564302}.Debug|Any CPU.Build.0 = Debug|Any CPU
		{99824F97-3AA0-EA77-CCFF-D94645564302}.Release|Any CPU.ActiveCfg = Release|Any CPU
		{99824F97-3AA0-EA77-CCFF-D94645564302}.Release|Any CPU.Build.0 = Release|Any CPU
	EndGlobalSection
	GlobalSection(SolutionProperties) = preSolution
		HideSolutionNode = FALSE
	EndGlobalSection
EndGlobal
